{
  "lockfileVersion": 1,
  "workspaces": {
    "": {
      "dependencies": {
        "nanostores": "^1.0.1",
      },
    },
  },
  "packages": {
    "nanostores": ["nanostores@1.0.1", "", {}, "sha512-kNZ9xnoJYKg/AfxjrVL4SS0fKX++4awQReGqWnwTRHxeHGZ1FJFVgTqr/eMrNQdp0Tz7M7tG/TDaX8QfHDwVCw=="],
  }
}
